
Microsoft Visual Studio Solution File, Format Version 12.00
# Visual Studio Version 16
VisualStudioVersion = 16.0.30907.101
MinimumVisualStudioVersion = 10.0.40219.1
Project("{FAE04EC0-301F-11D3-BF4B-00C04F79EFBC}") = "ProductSite.Web", "ProductSite.Web.csproj", "{AF58A1F0-6FB0-402B-B176-514530FC9F49}"
EndProject
Global
	GlobalSection(SolutionConfigurationPlatforms) = preSolution
		Debug|Any CPU = Debug|Any CPU
		Release|Any CPU = Release|Any CPU
	EndGlobalSection
	GlobalSection(ProjectConfigurationPlatforms) = postSolution
		{AF58A1F0-6FB0-402B-B176-514530FC9F49}.Debug|Any CPU.ActiveCfg = Debug|Any CPU
		{AF58A1F0-6FB0-402B-B176-514530FC9F49}.Debug|Any CPU.Build.0 = Debug|Any CPU
		{AF58A1F0-6FB0-402B-B176-514530FC9F49}.Release|Any CPU.ActiveCfg = Release|Any CPU
		{AF58A1F0-6FB0-402B-B176-514530FC9F49}.Release|Any CPU.Build.0 = Release|Any CPU
	EndGlobalSection
	GlobalSection(SolutionProperties) = preSolution
		HideSolutionNode = FALSE
	EndGlobalSection
	GlobalSection(ExtensibilityGlobals) = postSolution
		SolutionGuid = {22F25DCC-99AB-4F89-B996-AC8A18C8B06F}
	EndGlobalSection
EndGlobal
